
Microsoft Visual Studio Solution File, Format Version 12.00
# Visual Studio Version 17
VisualStudioVersion = 17.13.35931.197 d17.13
MinimumVisualStudioVersion = 10.0.40219.1
Project("{FAE04EC0-301F-11D3-BF4B-00C04F79EFBC}") = "DATA DRIVEN PREDICTIVE AI SYSTEM FOR MEDICAL DISEASES", "DATA DRIVEN PREDICTIVE AI SYSTEM FOR MEDICAL DISEASES\DATA DRIVEN PREDICTIVE AI SYSTEM FOR MEDICAL DISEASES.csproj", "{AF9C4251-C95D-48FC-A3A7-C1C74747EF42}"
EndProject
Global
	GlobalSection(SolutionConfigurationPlatforms) = preSolution
		Debug|Any CPU = Debug|Any CPU
		Release|Any CPU = Release|Any CPU
	EndGlobalSection
	GlobalSection(ProjectConfigurationPlatforms) = postSolution
		{AF9C4251-C95D-48FC-A3A7-C1C74747EF42}.Debug|Any CPU.ActiveCfg = Debug|Any CPU
		{AF9C4251-C95D-48FC-A3A7-C1C74747EF42}.Debug|Any CPU.Build.0 = Debug|Any CPU
		{AF9C4251-C95D-48FC-A3A7-C1C74747EF42}.Release|Any CPU.ActiveCfg = Release|Any CPU
		{AF9C4251-C95D-48FC-A3A7-C1C74747EF42}.Release|Any CPU.Build.0 = Release|Any CPU
	EndGlobalSection
	GlobalSection(SolutionProperties) = preSolution
		HideSolutionNode = FALSE
	EndGlobalSection
	GlobalSection(ExtensibilityGlobals) = postSolution
		SolutionGuid = {0D5E79E1-A0C2-48E6-88CE-42D2451C143A}
	EndGlobalSection
EndGlobal
